
Microsoft Visual Studio Solution File, Format Version 12.00
# Visual Studio Version 17
VisualStudioVersion = 17.3.32825.248
MinimumVisualStudioVersion = 10.0.40219.1
Project("{FAE04EC0-301F-11D3-BF4B-00C04F79EFBC}") = "MVVMExample", "MVVMExample\MVVMExample.csproj", "{468D9377-2F07-462E-9279-C93AE3BB8F57}"
EndProject
Project("{FAE04EC0-301F-11D3-BF4B-00C04F79EFBC}") = "MVVMExample.Model", "MVVMExample.Model\MVVMExample.Model.csproj", "{A34536D3-B94B-4746-AA41-DAFA941B2569}"
EndProject
Project("{FAE04EC0-301F-11D3-BF4B-00C04F79EFBC}") = "MVVMExample.VM", "MVVMExample.VM\MVVMExample.VM.csproj", "{228496E1-89D2-4A94-85B6-9D1D82A96C43}"
EndProject
Project("{FAE04EC0-301F-11D3-BF4B-00C04F79EFBC}") = "MVVMExample.Model.Test", "MVVMExample.Model.Test\MVVMExample.Model.Test.csproj", "{540A62D3-CB20-4D94-B1CE-D03DBB74EF80}"
EndProject
Global
	GlobalSection(SolutionConfigurationPlatforms) = preSolution
		Debug|Any CPU = Debug|Any CPU
		Release|Any CPU = Release|Any CPU
	EndGlobalSection
	GlobalSection(ProjectConfigurationPlatforms) = postSolution
		{468D9377-2F07-462E-9279-C93AE3BB8F57}.Debug|Any CPU.ActiveCfg = Debug|Any CPU
		{468D9377-2F07-462E-9279-C93AE3BB8F57}.Debug|Any CPU.Build.0 = Debug|Any CPU
		{468D9377-2F07-462E-9279-C93AE3BB8F57}.Release|Any CPU.ActiveCfg = Release|Any CPU
		{468D9377-2F07-462E-9279-C93AE3BB8F57}.Release|Any CPU.Build.0 = Release|Any CPU
		{A34536D3-B94B-4746-AA41-DAFA941B2569}.Debug|Any CPU.ActiveCfg = Debug|Any CPU
		{A34536D3-B94B-4746-AA41-DAFA941B2569}.Debug|Any CPU.Build.0 = Debug|Any CPU
		{A34536D3-B94B-4746-AA41-DAFA941B2569}.Release|Any CPU.ActiveCfg = Release|Any CPU
		{A34536D3-B94B-4746-AA41-DAFA941B2569}.Release|Any CPU.Build.0 = Release|Any CPU
		{228496E1-89D2-4A94-85B6-9D1D82A96C43}.Debug|Any CPU.ActiveCfg = Debug|Any CPU
		{228496E1-89D2-4A94-85B6-9D1D82A96C43}.Debug|Any CPU.Build.0 = Debug|Any CPU
		{228496E1-89D2-4A94-85B6-9D1D82A96C43}.Release|Any CPU.ActiveCfg = Release|Any CPU
		{228496E1-89D2-4A94-85B6-9D1D82A96C43}.Release|Any CPU.Build.0 = Release|Any CPU
		{540A62D3-CB20-4D94-B1CE-D03DBB74EF80}.Debug|Any CPU.ActiveCfg = Debug|Any CPU
		{540A62D3-CB20-4D94-B1CE-D03DBB74EF80}.Debug|Any CPU.Build.0 = Debug|Any CPU
		{540A62D3-CB20-4D94-B1CE-D03DBB74EF80}.Release|Any CPU.ActiveCfg = Release|Any CPU
		{540A62D3-CB20-4D94-B1CE-D03DBB74EF80}.Release|Any CPU.Build.0 = Release|Any CPU
	EndGlobalSection
	GlobalSection(SolutionProperties) = preSolution
		HideSolutionNode = FALSE
	EndGlobalSection
	GlobalSection(ExtensibilityGlobals) = postSolution
		SolutionGuid = {C2299F4E-291B-4BF1-B055-6D38B77E5DA3}
	EndGlobalSection
EndGlobal
